
Microsoft Visual Studio Solution File, Format Version 12.00
# Visual Studio 2013
VisualStudioVersion = 12.0.31101.0
MinimumVisualStudioVersion = 10.0.40219.1
Project("{FAE04EC0-301F-11D3-BF4B-00C04F79EFBC}") = "AzureML", "AzureML\AzureML.csproj", "{ECB73DDD-907D-44F2-ABBA-9B0EC4E60720}"
EndProject
Global
	GlobalSection(SolutionConfigurationPlatforms) = preSolution
		Debug|Any CPU = Debug|Any CPU
		Release|Any CPU = Release|Any CPU
	EndGlobalSection
	GlobalSection(ProjectConfigurationPlatforms) = postSolution
		{ECB73DDD-907D-44F2-ABBA-9B0EC4E60720}.Debug|Any CPU.ActiveCfg = Debug|Any CPU
		{ECB73DDD-907D-44F2-ABBA-9B0EC4E60720}.Debug|Any CPU.Build.0 = Debug|Any CPU
		{ECB73DDD-907D-44F2-ABBA-9B0EC4E60720}.Release|Any CPU.ActiveCfg = Release|Any CPU
		{ECB73DDD-907D-44F2-ABBA-9B0EC4E60720}.Release|Any CPU.Build.0 = Release|Any CPU
	EndGlobalSection
	GlobalSection(SolutionProperties) = preSolution
		HideSolutionNode = FALSE
	EndGlobalSection
EndGlobal
